{
  "object": {
    "pins": [
      {
        "package": "ApplicationExtensions",
        "repositoryURL": "https://github.com/elegantchaos/ApplicationExtensions.git",
        "state": {
          "branch": null,
          "revision": "f5ee81af83a0c6807ff282adeb049a5d424d7571",
          "version": "1.1.1"
        }
      },
      {
        "package": "Bundles",
        "repositoryURL": "https://github.com/elegantchaos/Bundles.git",
        "state": {
          "branch": null,
          "revision": "e21d9b688841404ed0bcc3921616364f494d1359",
          "version": "1.0.4"
        }
      },
      {
        "package": "CollectionExtensions",
        "repositoryURL": "https://github.com/elegantchaos/CollectionExtensions.git",
        "state": {
          "branch": null,
          "revision": "002f744b085c162f37783b8a629ae6364c558c3a",
          "version": "1.0.2"
        }
      },
      {
        "package": "Files",
        "repositoryURL": "https://github.com/elegantchaos/Files.git",
        "state": {
          "branch": null,
          "revision": "fab79dce95afdcc1b7c6983d6874176465bd210a",
          "version": "1.0.4"
        }
      },
      {
        "package": "Images",
        "repositoryURL": "https://github.com/elegantchaos/Images.git",
        "state": {
          "branch": null,
          "revision": "59a9088a3f83e4e074df55e6d74b38cf52ffe75d",
          "version": "1.0.0"
        }
      },
      {
        "package": "Logger",
        "repositoryURL": "https://github.com/elegantchaos/Logger.git",
        "state": {
          "branch": null,
          "revision": "cd67757f696ce6c8353d874d867a49b8e2306e2f",
          "version": "1.5.3"
        }
      },
      {
        "package": "Runner",
        "repositoryURL": "https://github.com/elegantchaos/Runner.git",
        "state": {
          "branch": null,
          "revision": "77ec42e494a6c6c581c5361f83bc96d03b2d7191",
          "version": "1.2.0"
        }
      },
      {
        "package": "SemanticVersion",
        "repositoryURL": "https://github.com/elegantchaos/SemanticVersion.git",
        "state": {
          "branch": null,
          "revision": "6bda5a45a2f687a82a0fbb002bee8ad31e44f478",
          "version": "1.1.0"
        }
      },
      {
        "package": "XCTestExtensions",
        "repositoryURL": "https://github.com/elegantchaos/XCTestExtensions.git",
        "state": {
          "branch": null,
          "revision": "5a6c9b3d5889d48d647f2a165c9bba8b966d3a22",
          "version": "1.1.1"
        }
      }
    ]
  },
  "version": 1
}
