{
  "object": {
    "pins": [
      {
        "package": "Bundles",
        "repositoryURL": "https://github.com/elegantchaos/Bundles.git",
        "state": {
          "branch": null,
          "revision": "e21d9b688841404ed0bcc3921616364f494d1359",
          "version": "1.0.4"
        }
      },
      {
        "package": "CollectionExtensions",
        "repositoryURL": "https://github.com/elegantchaos/CollectionExtensions.git",
        "state": {
          "branch": null,
          "revision": "002f744b085c162f37783b8a629ae6364c558c3a",
          "version": "1.0.2"
        }
      },
      {
        "package": "Files",
        "repositoryURL": "https://github.com/elegantchaos/Files.git",
        "state": {
          "branch": null,
          "revision": "fab79dce95afdcc1b7c6983d6874176465bd210a",
          "version": "1.0.4"
        }
      },
      {
        "package": "SemanticVersion",
        "repositoryURL": "https://github.com/elegantchaos/SemanticVersion.git",
        "state": {
          "branch": null,
          "revision": "6bda5a45a2f687a82a0fbb002bee8ad31e44f478",
          "version": "1.1.0"
        }
      },
      {
        "package": "SwiftUIExtensions",
        "repositoryURL": "https://github.com/elegantchaos/SwiftUIExtensions.git",
        "state": {
          "branch": null,
          "revision": "5b5ae9762ae7b68a7f2d1619c1579611dec03fc0",
          "version": "1.0.5"
        }
      },
      {
        "package": "XCTestExtensions",
        "repositoryURL": "https://github.com/elegantchaos/XCTestExtensions.git",
        "state": {
          "branch": null,
          "revision": "5a6c9b3d5889d48d647f2a165c9bba8b966d3a22",
          "version": "1.1.1"
        }
      }
    ]
  },
  "version": 1
}
